
Microsoft Visual Studio Solution File, Format Version 12.00
# Visual Studio 15
VisualStudioVersion = 15.0.28307.489
MinimumVisualStudioVersion = 10.0.40219.1
Project("{FAE04EC0-301F-11D3-BF4B-00C04F79EFBC}") = "PIM_VIII", "PIM_VIII\PIM_VIII.csproj", "{8D9488AC-681F-4CBC-95E6-27809A60373C}"
EndProject
Global
	GlobalSection(SolutionConfigurationPlatforms) = preSolution
		Debug|Any CPU = Debug|Any CPU
		Release|Any CPU = Release|Any CPU
	EndGlobalSection
	GlobalSection(ProjectConfigurationPlatforms) = postSolution
		{8D9488AC-681F-4CBC-95E6-27809A60373C}.Debug|Any CPU.ActiveCfg = Debug|Any CPU
		{8D9488AC-681F-4CBC-95E6-27809A60373C}.Debug|Any CPU.Build.0 = Debug|Any CPU
		{8D9488AC-681F-4CBC-95E6-27809A60373C}.Release|Any CPU.ActiveCfg = Release|Any CPU
		{8D9488AC-681F-4CBC-95E6-27809A60373C}.Release|Any CPU.Build.0 = Release|Any CPU
	EndGlobalSection
	GlobalSection(SolutionProperties) = preSolution
		HideSolutionNode = FALSE
	EndGlobalSection
	GlobalSection(ExtensibilityGlobals) = postSolution
		SolutionGuid = {9300D2D8-005C-43EE-8350-274B7334A3D3}
	EndGlobalSection
EndGlobal
