
Microsoft Visual Studio Solution File, Format Version 12.00
# Visual Studio Version 16
VisualStudioVersion = 16.0.28803.452
MinimumVisualStudioVersion = 10.0.40219.1
Project("{FAE04EC0-301F-11D3-BF4B-00C04F79EFBC}") = "PimVIII", "PimVIII\PimVIII.csproj", "{BC10797A-5540-4BFA-9F2B-F37D82A41644}"
EndProject
Project("{9A19103F-16F7-4668-BE54-9A1E7A4F7556}") = "CamadaControle", "PimVIII\CamadaControle\CamadaControle.csproj", "{D85DFAD8-E76E-4E41-8F70-F5F72761335F}"
EndProject
Project("{9A19103F-16F7-4668-BE54-9A1E7A4F7556}") = "CamadaModelo", "PimVIII\CamadaModelo\CamadaModelo.csproj", "{3A5DAEFE-DC55-4DBB-BFE6-356D51FA6D85}"
EndProject
Global
	GlobalSection(SolutionConfigurationPlatforms) = preSolution
		Debug|Any CPU = Debug|Any CPU
		Release|Any CPU = Release|Any CPU
	EndGlobalSection
	GlobalSection(ProjectConfigurationPlatforms) = postSolution
		{BC10797A-5540-4BFA-9F2B-F37D82A41644}.Debug|Any CPU.ActiveCfg = Debug|Any CPU
		{BC10797A-5540-4BFA-9F2B-F37D82A41644}.Debug|Any CPU.Build.0 = Debug|Any CPU
		{BC10797A-5540-4BFA-9F2B-F37D82A41644}.Release|Any CPU.ActiveCfg = Release|Any CPU
		{BC10797A-5540-4BFA-9F2B-F37D82A41644}.Release|Any CPU.Build.0 = Release|Any CPU
		{D85DFAD8-E76E-4E41-8F70-F5F72761335F}.Debug|Any CPU.ActiveCfg = Debug|Any CPU
		{D85DFAD8-E76E-4E41-8F70-F5F72761335F}.Debug|Any CPU.Build.0 = Debug|Any CPU
		{D85DFAD8-E76E-4E41-8F70-F5F72761335F}.Release|Any CPU.ActiveCfg = Release|Any CPU
		{D85DFAD8-E76E-4E41-8F70-F5F72761335F}.Release|Any CPU.Build.0 = Release|Any CPU
		{3A5DAEFE-DC55-4DBB-BFE6-356D51FA6D85}.Debug|Any CPU.ActiveCfg = Debug|Any CPU
		{3A5DAEFE-DC55-4DBB-BFE6-356D51FA6D85}.Debug|Any CPU.Build.0 = Debug|Any CPU
		{3A5DAEFE-DC55-4DBB-BFE6-356D51FA6D85}.Release|Any CPU.ActiveCfg = Release|Any CPU
		{3A5DAEFE-DC55-4DBB-BFE6-356D51FA6D85}.Release|Any CPU.Build.0 = Release|Any CPU
	EndGlobalSection
	GlobalSection(SolutionProperties) = preSolution
		HideSolutionNode = FALSE
	EndGlobalSection
	GlobalSection(ExtensibilityGlobals) = postSolution
		SolutionGuid = {4AE52DB9-2D74-4EFD-A463-F26B2CD3390E}
	EndGlobalSection
EndGlobal
